
Microsoft Visual Studio Solution File, Format Version 12.00
# Visual Studio 15
VisualStudioVersion = 15.0.27428.2037
MinimumVisualStudioVersion = 10.0.40219.1
Project("{FAE04EC0-301F-11D3-BF4B-00C04F79EFBC}") = "QLHV_WPF", "QLHV_WPF\QLHV_WPF.csproj", "{CEAEB4E3-AEFA-4357-B531-468C687BBF5B}"
EndProject
Global
	GlobalSection(SolutionConfigurationPlatforms) = preSolution
		Debug|Any CPU = Debug|Any CPU
		Release|Any CPU = Release|Any CPU
	EndGlobalSection
	GlobalSection(ProjectConfigurationPlatforms) = postSolution
		{CEAEB4E3-AEFA-4357-B531-468C687BBF5B}.Debug|Any CPU.ActiveCfg = Debug|Any CPU
		{CEAEB4E3-AEFA-4357-B531-468C687BBF5B}.Debug|Any CPU.Build.0 = Debug|Any CPU
		{CEAEB4E3-AEFA-4357-B531-468C687BBF5B}.Release|Any CPU.ActiveCfg = Release|Any CPU
		{CEAEB4E3-AEFA-4357-B531-468C687BBF5B}.Release|Any CPU.Build.0 = Release|Any CPU
	EndGlobalSection
	GlobalSection(SolutionProperties) = preSolution
		HideSolutionNode = FALSE
	EndGlobalSection
	GlobalSection(ExtensibilityGlobals) = postSolution
		SolutionGuid = {3599CA3C-C376-4B26-9653-EC65EA2B5AF2}
	EndGlobalSection
EndGlobal
